// !$*UTF8*$!
{
	archiveVersion = 1;
	classes = {
	};
	objectVersion = 51;
	objects = {

/* Begin PBXBuildFile section */
		23D43CFEB2F88BB1C0D358D0 /* Pods_HelpENGTests.framework in Frameworks */ = {isa = PBXBuildFile; fileRef = 6F498BBF45EEF7D20E1E358D /* Pods_HelpENGTests.framework */; };
		2434AC322486A07D00CE6D0A /* Login.storyboard in Resources */ = {isa = PBXBuildFile; fileRef = 2434AC312486A07D00CE6D0A /* Login.storyboard */; };
		2434AC342486A2F300CE6D0A /* LoginVC.swift in Sources */ = {isa = PBXBuildFile; fileRef = 2434AC332486A2F300CE6D0A /* LoginVC.swift */; };
		2434AC362486A4FF00CE6D0A /* LoginAPI.swift in Sources */ = {isa = PBXBuildFile; fileRef = 2434AC352486A4FF00CE6D0A /* LoginAPI.swift */; };
		2475CF93247E624F0007408B /* TodayVocaTb.swift in Sources */ = {isa = PBXBuildFile; fileRef = 2475CF92247E624F0007408B /* TodayVocaTb.swift */; };
		24963BA1247BEE3A00138002 /* AppDelegate.swift in Sources */ = {isa = PBXBuildFile; fileRef = 24963BA0247BEE3A00138002 /* AppDelegate.swift */; };
		24963BA3247BEE3A00138002 /* SceneDelegate.swift in Sources */ = {isa = PBXBuildFile; fileRef = 24963BA2247BEE3A00138002 /* SceneDelegate.swift */; };
		24963BA5247BEE3A00138002 /* ViewController.swift in Sources */ = {isa = PBXBuildFile; fileRef = 24963BA4247BEE3A00138002 /* ViewController.swift */; };
		24963BA8247BEE3A00138002 /* Main.storyboard in Resources */ = {isa = PBXBuildFile; fileRef = 24963BA6247BEE3A00138002 /* Main.storyboard */; };
		24963BAB247BEE3A00138002 /* HelpENG.xcdatamodeld in Sources */ = {isa = PBXBuildFile; fileRef = 24963BA9247BEE3A00138002 /* HelpENG.xcdatamodeld */; };
		24963BAD247BEE3B00138002 /* Assets.xcassets in Resources */ = {isa = PBXBuildFile; fileRef = 24963BAC247BEE3B00138002 /* Assets.xcassets */; };
		24963BB0247BEE3B00138002 /* LaunchScreen.storyboard in Resources */ = {isa = PBXBuildFile; fileRef = 24963BAE247BEE3B00138002 /* LaunchScreen.storyboard */; };
		24963BBB247BEE3B00138002 /* HelpENGTests.swift in Sources */ = {isa = PBXBuildFile; fileRef = 24963BBA247BEE3B00138002 /* HelpENGTests.swift */; };
		24963BC6247BEE3B00138002 /* HelpENGUITests.swift in Sources */ = {isa = PBXBuildFile; fileRef = 24963BC5247BEE3B00138002 /* HelpENGUITests.swift */; };
		24963BDF247DF43500138002 /* TodayVocaVC.swift in Sources */ = {isa = PBXBuildFile; fileRef = 24963BDE247DF43500138002 /* TodayVocaVC.swift */; };
		24963BE1247DFB0800138002 /* TodayVocaAPI.swift in Sources */ = {isa = PBXBuildFile; fileRef = 24963BE0247DFB0800138002 /* TodayVocaAPI.swift */; };
		24963BE3247DFB4800138002 /* TodayVocaTbData.swift in Sources */ = {isa = PBXBuildFile; fileRef = 24963BE2247DFB4800138002 /* TodayVocaTbData.swift */; };
		24963BE5247DFF8000138002 /* TodayVocaTbCell.swift in Sources */ = {isa = PBXBuildFile; fileRef = 24963BE4247DFF8000138002 /* TodayVocaTbCell.swift */; };
		24963BE9247E0E9D00138002 /* Layer.swift in Sources */ = {isa = PBXBuildFile; fileRef = 24963BE8247E0E9D00138002 /* Layer.swift */; };
		72F1847ACCFE1891493366EF /* Pods_HelpENG_HelpENGUITests.framework in Frameworks */ = {isa = PBXBuildFile; fileRef = F15039CF1ACE8C677844A179 /* Pods_HelpENG_HelpENGUITests.framework */; };
		E601FD2A4512550D409915A3 /* Pods_HelpENG.framework in Frameworks */ = {isa = PBXBuildFile; fileRef = 121A11C2050855144F002EEA /* Pods_HelpENG.framework */; };
/* End PBXBuildFile section */

/* Begin PBXContainerItemProxy section */
		24963BB7247BEE3B00138002 /* PBXContainerItemProxy */ = {
			isa = PBXContainerItemProxy;
			containerPortal = 24963B95247BEE3900138002 /* Project object */;
			proxyType = 1;
			remoteGlobalIDString = 24963B9C247BEE3900138002;
			remoteInfo = HelpENG;
		};
		24963BC2247BEE3B00138002 /* PBXContainerItemProxy */ = {
			isa = PBXContainerItemProxy;
			containerPortal = 24963B95247BEE3900138002 /* Project object */;
			proxyType = 1;
			remoteGlobalIDString = 24963B9C247BEE3900138002;
			remoteInfo = HelpENG;
		};
/* End PBXContainerItemProxy section */

/* Begin PBXFileReference section */
		0C347CD65ED83AC85229EC43 /* Pods-HelpENGTests.debug.xcconfig */ = {isa = PBXFileReference; includeInIndex = 1; lastKnownFileType = text.xcconfig; name = "Pods-HelpENGTests.debug.xcconfig"; path = "Target Support Files/Pods-HelpENGTests/Pods-HelpENGTests.debug.xcconfig"; sourceTree = "<group>"; };
		121A11C2050855144F002EEA /* Pods_HelpENG.framework */ = {isa = PBXFileReference; explicitFileType = wrapper.framework; includeInIndex = 0; path = Pods_HelpENG.framework; sourceTree = BUILT_PRODUCTS_DIR; };
		2434AC312486A07D00CE6D0A /* Login.storyboard */ = {isa = PBXFileReference; lastKnownFileType = file.storyboard; path = Login.storyboard; sourceTree = "<group>"; };
		2434AC332486A2F300CE6D0A /* LoginVC.swift */ = {isa = PBXFileReference; lastKnownFileType = sourcecode.swift; path = LoginVC.swift; sourceTree = "<group>"; };
		2434AC352486A4FF00CE6D0A /* LoginAPI.swift */ = {isa = PBXFileReference; lastKnownFileType = sourcecode.swift; path = LoginAPI.swift; sourceTree = "<group>"; };
		2475CF92247E624F0007408B /* TodayVocaTb.swift */ = {isa = PBXFileReference; lastKnownFileType = sourcecode.swift; path = TodayVocaTb.swift; sourceTree = "<group>"; };
		24963B9D247BEE3A00138002 /* HelpENG.app */ = {isa = PBXFileReference; explicitFileType = wrapper.application; includeInIndex = 0; path = HelpENG.app; sourceTree = BUILT_PRODUCTS_DIR; };
		24963BA0247BEE3A00138002 /* AppDelegate.swift */ = {isa = PBXFileReference; lastKnownFileType = sourcecode.swift; path = AppDelegate.swift; sourceTree = "<group>"; };
		24963BA2247BEE3A00138002 /* SceneDelegate.swift */ = {isa = PBXFileReference; lastKnownFileType = sourcecode.swift; path = SceneDelegate.swift; sourceTree = "<group>"; };
		24963BA4247BEE3A00138002 /* ViewController.swift */ = {isa = PBXFileReference; lastKnownFileType = sourcecode.swift; path = ViewController.swift; sourceTree = "<group>"; };
		24963BA7247BEE3A00138002 /* Base */ = {isa = PBXFileReference; lastKnownFileType = file.storyboard; name = Base; path = Base.lproj/Main.storyboard; sourceTree = "<group>"; };
		24963BAA247BEE3A00138002 /* HelpENG.xcdatamodel */ = {isa = PBXFileReference; lastKnownFileType = wrapper.xcdatamodel; path = HelpENG.xcdatamodel; sourceTree = "<group>"; };
		24963BAC247BEE3B00138002 /* Assets.xcassets */ = {isa = PBXFileReference; lastKnownFileType = folder.assetcatalog; path = Assets.xcassets; sourceTree = "<group>"; };
		24963BAF247BEE3B00138002 /* Base */ = {isa = PBXFileReference; lastKnownFileType = file.storyboard; name = Base; path = Base.lproj/LaunchScreen.storyboard; sourceTree = "<group>"; };
		24963BB1247BEE3B00138002 /* Info.plist */ = {isa = PBXFileReference; lastKnownFileType = text.plist.xml; path = Info.plist; sourceTree = "<group>"; };
		24963BB6247BEE3B00138002 /* HelpENGTests.xctest */ = {isa = PBXFileReference; explicitFileType = wrapper.cfbundle; includeInIndex = 0; path = HelpENGTests.xctest; sourceTree = BUILT_PRODUCTS_DIR; };
		24963BBA247BEE3B00138002 /* HelpENGTests.swift */ = {isa = PBXFileReference; lastKnownFileType = sourcecode.swift; path = HelpENGTests.swift; sourceTree = "<group>"; };
		24963BBC247BEE3B00138002 /* Info.plist */ = {isa = PBXFileReference; lastKnownFileType = text.plist.xml; path = Info.plist; sourceTree = "<group>"; };
		24963BC1247BEE3B00138002 /* HelpENGUITests.xctest */ = {isa = PBXFileReference; explicitFileType = wrapper.cfbundle; includeInIndex = 0; path = HelpENGUITests.xctest; sourceTree = BUILT_PRODUCTS_DIR; };
		24963BC5247BEE3B00138002 /* HelpENGUITests.swift */ = {isa = PBXFileReference; lastKnownFileType = sourcecode.swift; path = HelpENGUITests.swift; sourceTree = "<group>"; };
		24963BC7247BEE3B00138002 /* Info.plist */ = {isa = PBXFileReference; lastKnownFileType = text.plist.xml; path = Info.plist; sourceTree = "<group>"; };
		24963BDE247DF43500138002 /* TodayVocaVC.swift */ = {isa = PBXFileReference; lastKnownFileType = sourcecode.swift; path = TodayVocaVC.swift; sourceTree = "<group>"; };
		24963BE0247DFB0800138002 /* TodayVocaAPI.swift */ = {isa = PBXFileReference; lastKnownFileType = sourcecode.swift; path = TodayVocaAPI.swift; sourceTree = "<group>"; };
		24963BE2247DFB4800138002 /* TodayVocaTbData.swift */ = {isa = PBXFileReference; lastKnownFileType = sourcecode.swift; path = TodayVocaTbData.swift; sourceTree = "<group>"; };
		24963BE4247DFF8000138002 /* TodayVocaTbCell.swift */ = {isa = PBXFileReference; lastKnownFileType = sourcecode.swift; path = TodayVocaTbCell.swift; sourceTree = "<group>"; };
		24963BE8247E0E9D00138002 /* Layer.swift */ = {isa = PBXFileReference; lastKnownFileType = sourcecode.swift; path = Layer.swift; sourceTree = "<group>"; };
		28D442B6B869A1EB41364A78 /* Pods-HelpENGTests.release.xcconfig */ = {isa = PBXFileReference; includeInIndex = 1; lastKnownFileType = text.xcconfig; name = "Pods-HelpENGTests.release.xcconfig"; path = "Target Support Files/Pods-HelpENGTests/Pods-HelpENGTests.release.xcconfig"; sourceTree = "<group>"; };
		6CE2FDB2D520C5225002D2CF /* Pods-HelpENG-HelpENGUITests.release.xcconfig */ = {isa = PBXFileReference; includeInIndex = 1; lastKnownFileType = text.xcconfig; name = "Pods-HelpENG-HelpENGUITests.release.xcconfig"; path = "Target Support Files/Pods-HelpENG-HelpENGUITests/Pods-HelpENG-HelpENGUITests.release.xcconfig"; sourceTree = "<group>"; };
		6F498BBF45EEF7D20E1E358D /* Pods_HelpENGTests.framework */ = {isa = PBXFileReference; explicitFileType = wrapper.framework; includeInIndex = 0; path = Pods_HelpENGTests.framework; sourceTree = BUILT_PRODUCTS_DIR; };
		6F883AE3E59CE194F4DED526 /* Pods-HelpENG-HelpENGUITests.debug.xcconfig */ = {isa = PBXFileReference; includeInIndex = 1; lastKnownFileType = text.xcconfig; name = "Pods-HelpENG-HelpENGUITests.debug.xcconfig"; path = "Target Support Files/Pods-HelpENG-HelpENGUITests/Pods-HelpENG-HelpENGUITests.debug.xcconfig"; sourceTree = "<group>"; };
		94A864BA59AE189187CDFC4C /* Pods-HelpENG.release.xcconfig */ = {isa = PBXFileReference; includeInIndex = 1; lastKnownFileType = text.xcconfig; name = "Pods-HelpENG.release.xcconfig"; path = "Target Support Files/Pods-HelpENG/Pods-HelpENG.release.xcconfig"; sourceTree = "<group>"; };
		A9FF391ABC57829A6798E66C /* Pods-HelpENG.debug.xcconfig */ = {isa = PBXFileReference; includeInIndex = 1; lastKnownFileType = text.xcconfig; name = "Pods-HelpENG.debug.xcconfig"; path = "Target Support Files/Pods-HelpENG/Pods-HelpENG.debug.xcconfig"; sourceTree = "<group>"; };
		F15039CF1ACE8C677844A179 /* Pods_HelpENG_HelpENGUITests.framework */ = {isa = PBXFileReference; explicitFileType = wrapper.framework; includeInIndex = 0; path = Pods_HelpENG_HelpENGUITests.framework; sourceTree = BUILT_PRODUCTS_DIR; };
/* End PBXFileReference section */

/* Begin PBXFrameworksBuildPhase section */
		24963B9A247BEE3900138002 /* Frameworks */ = {
			isa = PBXFrameworksBuildPhase;
			buildActionMask = 2147483647;
			files = (
				E601FD2A4512550D409915A3 /* Pods_HelpENG.framework in Frameworks */,
			);
			runOnlyForDeploymentPostprocessing = 0;
		};
		24963BB3247BEE3B00138002 /* Frameworks */ = {
			isa = PBXFrameworksBuildPhase;
			buildActionMask = 2147483647;
			files = (
				23D43CFEB2F88BB1C0D358D0 /* Pods_HelpENGTests.framework in Frameworks */,
			);
			runOnlyForDeploymentPostprocessing = 0;
		};
		24963BBE247BEE3B00138002 /* Frameworks */ = {
			isa = PBXFrameworksBuildPhase;
			buildActionMask = 2147483647;
			files = (
				72F1847ACCFE1891493366EF /* Pods_HelpENG_HelpENGUITests.framework in Frameworks */,
			);
			runOnlyForDeploymentPostprocessing = 0;
		};
/* End PBXFrameworksBuildPhase section */

/* Begin PBXGroup section */
		2434AC302486A06200CE6D0A /* Login */ = {
			isa = PBXGroup;
			children = (
				2434AC312486A07D00CE6D0A /* Login.storyboard */,
				2434AC332486A2F300CE6D0A /* LoginVC.swift */,
				2434AC352486A4FF00CE6D0A /* LoginAPI.swift */,
			);
			path = Login;
			sourceTree = "<group>";
		};
		24963B94247BEE3900138002 = {
			isa = PBXGroup;
			children = (
				24963B9F247BEE3A00138002 /* HelpENG */,
				24963BB9247BEE3B00138002 /* HelpENGTests */,
				24963BC4247BEE3B00138002 /* HelpENGUITests */,
				24963B9E247BEE3A00138002 /* Products */,
				F0F4436587056D22B582C22C /* Pods */,
				3B6BCF8FE0AE0018ECE4ACBD /* Frameworks */,
			);
			sourceTree = "<group>";
		};
		24963B9E247BEE3A00138002 /* Products */ = {
			isa = PBXGroup;
			children = (
				24963B9D247BEE3A00138002 /* HelpENG.app */,
				24963BB6247BEE3B00138002 /* HelpENGTests.xctest */,
				24963BC1247BEE3B00138002 /* HelpENGUITests.xctest */,
			);
			name = Products;
			sourceTree = "<group>";
		};
		24963B9F247BEE3A00138002 /* HelpENG */ = {
			isa = PBXGroup;
			children = (
				2434AC302486A06200CE6D0A /* Login */,
				24963BE6247E0E7300138002 /* Utile */,
				24963BDD247DF40600138002 /* TodayVocabulary */,
				24963BA0247BEE3A00138002 /* AppDelegate.swift */,
				24963BA2247BEE3A00138002 /* SceneDelegate.swift */,
				24963BA4247BEE3A00138002 /* ViewController.swift */,
				24963BA6247BEE3A00138002 /* Main.storyboard */,
				24963BAC247BEE3B00138002 /* Assets.xcassets */,
				24963BAE247BEE3B00138002 /* LaunchScreen.storyboard */,
				24963BB1247BEE3B00138002 /* Info.plist */,
				24963BA9247BEE3A00138002 /* HelpENG.xcdatamodeld */,
			);
			path = HelpENG;
			sourceTree = "<group>";
		};
		24963BB9247BEE3B00138002 /* HelpENGTests */ = {
			isa = PBXGroup;
			children = (
				24963BBA247BEE3B00138002 /* HelpENGTests.swift */,
				24963BBC247BEE3B00138002 /* Info.plist */,
			);
			path = HelpENGTests;
			sourceTree = "<group>";
		};
		24963BC4247BEE3B00138002 /* HelpENGUITests */ = {
			isa = PBXGroup;
			children = (
				24963BC5247BEE3B00138002 /* HelpENGUITests.swift */,
				24963BC7247BEE3B00138002 /* Info.plist */,
			);
			path = HelpENGUITests;
			sourceTree = "<group>";
		};
		24963BDD247DF40600138002 /* TodayVocabulary */ = {
			isa = PBXGroup;
			children = (
				24963BDE247DF43500138002 /* TodayVocaVC.swift */,
				24963BE0247DFB0800138002 /* TodayVocaAPI.swift */,
				24963BE2247DFB4800138002 /* TodayVocaTbData.swift */,
				24963BE4247DFF8000138002 /* TodayVocaTbCell.swift */,
				2475CF92247E624F0007408B /* TodayVocaTb.swift */,
			);
			path = TodayVocabulary;
			sourceTree = "<group>";
		};
		24963BE6247E0E7300138002 /* Utile */ = {
			isa = PBXGroup;
			children = (
				24963BE8247E0E9D00138002 /* Layer.swift */,
			);
			path = Utile;
			sourceTree = "<group>";
		};
		3B6BCF8FE0AE0018ECE4ACBD /* Frameworks */ = {
			isa = PBXGroup;
			children = (
				121A11C2050855144F002EEA /* Pods_HelpENG.framework */,
				F15039CF1ACE8C677844A179 /* Pods_HelpENG_HelpENGUITests.framework */,
				6F498BBF45EEF7D20E1E358D /* Pods_HelpENGTests.framework */,
			);
			name = Frameworks;
			sourceTree = "<group>";
		};
		F0F4436587056D22B582C22C /* Pods */ = {
			isa = PBXGroup;
			children = (
				A9FF391ABC57829A6798E66C /* Pods-HelpENG.debug.xcconfig */,
				94A864BA59AE189187CDFC4C /* Pods-HelpENG.release.xcconfig */,
				6F883AE3E59CE194F4DED526 /* Pods-HelpENG-HelpENGUITests.debug.xcconfig */,
				6CE2FDB2D520C5225002D2CF /* Pods-HelpENG-HelpENGUITests.release.xcconfig */,
				0C347CD65ED83AC85229EC43 /* Pods-HelpENGTests.debug.xcconfig */,
				28D442B6B869A1EB41364A78 /* Pods-HelpENGTests.release.xcconfig */,
			);
			path = Pods;
			sourceTree = "<group>";
		};
/* End PBXGroup section */

/* Begin PBXNativeTarget section */
		24963B9C247BEE3900138002 /* HelpENG */ = {
			isa = PBXNativeTarget;
			buildConfigurationList = 24963BCA247BEE3B00138002 /* Build configuration list for PBXNativeTarget "HelpENG" */;
			buildPhases = (
				C4B8EA8D6E474D8938A57977 /* [CP] Check Pods Manifest.lock */,
				24963B99247BEE3900138002 /* Sources */,
				24963B9A247BEE3900138002 /* Frameworks */,
				24963B9B247BEE3900138002 /* Resources */,
				3A636D85FB9248A311A3EE59 /* [CP] Embed Pods Frameworks */,
			);
			buildRules = (
			);
			dependencies = (
			);
			name = HelpENG;
			productName = HelpENG;
			productReference = 24963B9D247BEE3A00138002 /* HelpENG.app */;
			productType = "com.apple.product-type.application";
		};
		24963BB5247BEE3B00138002 /* HelpENGTests */ = {
			isa = PBXNativeTarget;
			buildConfigurationList = 24963BCD247BEE3B00138002 /* Build configuration list for PBXNativeTarget "HelpENGTests" */;
			buildPhases = (
				E7365518BC03D0ED46306D27 /* [CP] Check Pods Manifest.lock */,
				24963BB2247BEE3B00138002 /* Sources */,
				24963BB3247BEE3B00138002 /* Frameworks */,
				24963BB4247BEE3B00138002 /* Resources */,
			);
			buildRules = (
			);
			dependencies = (
				24963BB8247BEE3B00138002 /* PBXTargetDependency */,
			);
			name = HelpENGTests;
			productName = HelpENGTests;
			productReference = 24963BB6247BEE3B00138002 /* HelpENGTests.xctest */;
			productType = "com.apple.product-type.bundle.unit-test";
		};
		24963BC0247BEE3B00138002 /* HelpENGUITests */ = {
			isa = PBXNativeTarget;
			buildConfigurationList = 24963BD0247BEE3B00138002 /* Build configuration list for PBXNativeTarget "HelpENGUITests" */;
			buildPhases = (
				5190AF14E7337BC23B306C00 /* [CP] Check Pods Manifest.lock */,
				24963BBD247BEE3B00138002 /* Sources */,
				24963BBE247BEE3B00138002 /* Frameworks */,
				24963BBF247BEE3B00138002 /* Resources */,
				384E37DDEBD82DE1F0CB1C77 /* [CP] Embed Pods Frameworks */,
			);
			buildRules = (
			);
			dependencies = (
				24963BC3247BEE3B00138002 /* PBXTargetDependency */,
			);
			name = HelpENGUITests;
			productName = HelpENGUITests;
			productReference = 24963BC1247BEE3B00138002 /* HelpENGUITests.xctest */;
			productType = "com.apple.product-type.bundle.ui-testing";
		};
/* End PBXNativeTarget section */

/* Begin PBXProject section */
		24963B95247BEE3900138002 /* Project object */ = {
			isa = PBXProject;
			attributes = {
				LastSwiftUpdateCheck = 1150;
				LastUpgradeCheck = 1150;
				ORGANIZATIONNAME = Wanni;
				TargetAttributes = {
					24963B9C247BEE3900138002 = {
						CreatedOnToolsVersion = 11.5;
					};
					24963BB5247BEE3B00138002 = {
						CreatedOnToolsVersion = 11.5;
						TestTargetID = 24963B9C247BEE3900138002;
					};
					24963BC0247BEE3B00138002 = {
						CreatedOnToolsVersion = 11.5;
						TestTargetID = 24963B9C247BEE3900138002;
					};
				};
			};
			buildConfigurationList = 24963B98247BEE3900138002 /* Build configuration list for PBXProject "HelpENG" */;
			compatibilityVersion = "Xcode 9.3";
			developmentRegion = en;
			hasScannedForEncodings = 0;
			knownRegions = (
				en,
				Base,
			);
			mainGroup = 24963B94247BEE3900138002;
			productRefGroup = 24963B9E247BEE3A00138002 /* Products */;
			projectDirPath = "";
			projectRoot = "";
			targets = (
				24963B9C247BEE3900138002 /* HelpENG */,
				24963BB5247BEE3B00138002 /* HelpENGTests */,
				24963BC0247BEE3B00138002 /* HelpENGUITests */,
			);
		};
/* End PBXProject section */

/* Begin PBXResourcesBuildPhase section */
		24963B9B247BEE3900138002 /* Resources */ = {
			isa = PBXResourcesBuildPhase;
			buildActionMask = 2147483647;
			files = (
				24963BB0247BEE3B00138002 /* LaunchScreen.storyboard in Resources */,
				24963BAD247BEE3B00138002 /* Assets.xcassets in Resources */,
				24963BA8247BEE3A00138002 /* Main.storyboard in Resources */,
				2434AC322486A07D00CE6D0A /* Login.storyboard in Resources */,
			);
			runOnlyForDeploymentPostprocessing = 0;
		};
		24963BB4247BEE3B00138002 /* Resources */ = {
			isa = PBXResourcesBuildPhase;
			buildActionMask = 2147483647;
			files = (
			);
			runOnlyForDeploymentPostprocessing = 0;
		};
		24963BBF247BEE3B00138002 /* Resources */ = {
			isa = PBXResourcesBuildPhase;
			buildActionMask = 2147483647;
			files = (
			);
			runOnlyForDeploymentPostprocessing = 0;
		};
/* End PBXResourcesBuildPhase section */

/* Begin PBXShellScriptBuildPhase section */
		384E37DDEBD82DE1F0CB1C77 /* [CP] Embed Pods Frameworks */ = {
			isa = PBXShellScriptBuildPhase;
			buildActionMask = 2147483647;
			files = (
			);
			inputFileListPaths = (
				"${PODS_ROOT}/Target Support Files/Pods-HelpENG-HelpENGUITests/Pods-HelpENG-HelpENGUITests-frameworks-${CONFIGURATION}-input-files.xcfilelist",
			);
			name = "[CP] Embed Pods Frameworks";
			outputFileListPaths = (
				"${PODS_ROOT}/Target Support Files/Pods-HelpENG-HelpENGUITests/Pods-HelpENG-HelpENGUITests-frameworks-${CONFIGURATION}-output-files.xcfilelist",
			);
			runOnlyForDeploymentPostprocessing = 0;
			shellPath = /bin/sh;
			shellScript = "\"${PODS_ROOT}/Target Support Files/Pods-HelpENG-HelpENGUITests/Pods-HelpENG-HelpENGUITests-frameworks.sh\"\n";
			showEnvVarsInLog = 0;
		};
		3A636D85FB9248A311A3EE59 /* [CP] Embed Pods Frameworks */ = {
			isa = PBXShellScriptBuildPhase;
			buildActionMask = 2147483647;
			files = (
			);
			inputFileListPaths = (
				"${PODS_ROOT}/Target Support Files/Pods-HelpENG/Pods-HelpENG-frameworks-${CONFIGURATION}-input-files.xcfilelist",
			);
			name = "[CP] Embed Pods Frameworks";
			outputFileListPaths = (
				"${PODS_ROOT}/Target Support Files/Pods-HelpENG/Pods-HelpENG-frameworks-${CONFIGURATION}-output-files.xcfilelist",
			);
			runOnlyForDeploymentPostprocessing = 0;
			shellPath = /bin/sh;
			shellScript = "\"${PODS_ROOT}/Target Support Files/Pods-HelpENG/Pods-HelpENG-frameworks.sh\"\n";
			showEnvVarsInLog = 0;
		};
		5190AF14E7337BC23B306C00 /* [CP] Check Pods Manifest.lock */ = {
			isa = PBXShellScriptBuildPhase;
			buildActionMask = 2147483647;
			files = (
			);
			inputFileListPaths = (
			);
			inputPaths = (
				"${PODS_PODFILE_DIR_PATH}/Podfile.lock",
				"${PODS_ROOT}/Manifest.lock",
			);
			name = "[CP] Check Pods Manifest.lock";
			outputFileListPaths = (
			);
			outputPaths = (
				"$(DERIVED_FILE_DIR)/Pods-HelpENG-HelpENGUITests-checkManifestLockResult.txt",
			);
			runOnlyForDeploymentPostprocessing = 0;
			shellPath = /bin/sh;
			shellScript = "diff \"${PODS_PODFILE_DIR_PATH}/Podfile.lock\" \"${PODS_ROOT}/Manifest.lock\" > /dev/null\nif [ $? != 0 ] ; then\n    # print error to STDERR\n    echo \"error: The sandbox is not in sync with the Podfile.lock. Run 'pod install' or update your CocoaPods installation.\" >&2\n    exit 1\nfi\n# This output is used by Xcode 'outputs' to avoid re-running this script phase.\necho \"SUCCESS\" > \"${SCRIPT_OUTPUT_FILE_0}\"\n";
			showEnvVarsInLog = 0;
		};
		C4B8EA8D6E474D8938A57977 /* [CP] Check Pods Manifest.lock */ = {
			isa = PBXShellScriptBuildPhase;
			buildActionMask = 2147483647;
			files = (
			);
			inputFileListPaths = (
			);
			inputPaths = (
				"${PODS_PODFILE_DIR_PATH}/Podfile.lock",
				"${PODS_ROOT}/Manifest.lock",
			);
			name = "[CP] Check Pods Manifest.lock";
			outputFileListPaths = (
			);
			outputPaths = (
				"$(DERIVED_FILE_DIR)/Pods-HelpENG-checkManifestLockResult.txt",
			);
			runOnlyForDeploymentPostprocessing = 0;
			shellPath = /bin/sh;
			shellScript = "diff \"${PODS_PODFILE_DIR_PATH}/Podfile.lock\" \"${PODS_ROOT}/Manifest.lock\" > /dev/null\nif [ $? != 0 ] ; then\n    # print error to STDERR\n    echo \"error: The sandbox is not in sync with the Podfile.lock. Run 'pod install' or update your CocoaPods installation.\" >&2\n    exit 1\nfi\n# This output is used by Xcode 'outputs' to avoid re-running this script phase.\necho \"SUCCESS\" > \"${SCRIPT_OUTPUT_FILE_0}\"\n";
			showEnvVarsInLog = 0;
		};
		E7365518BC03D0ED46306D27 /* [CP] Check Pods Manifest.lock */ = {
			isa = PBXShellScriptBuildPhase;
			buildActionMask = 2147483647;
			files = (
			);
			inputFileListPaths = (
			);
			inputPaths = (
				"${PODS_PODFILE_DIR_PATH}/Podfile.lock",
				"${PODS_ROOT}/Manifest.lock",
			);
			name = "[CP] Check Pods Manifest.lock";
			outputFileListPaths = (
			);
			outputPaths = (
				"$(DERIVED_FILE_DIR)/Pods-HelpENGTests-checkManifestLockResult.txt",
			);
			runOnlyForDeploymentPostprocessing = 0;
			shellPath = /bin/sh;
			shellScript = "diff \"${PODS_PODFILE_DIR_PATH}/Podfile.lock\" \"${PODS_ROOT}/Manifest.lock\" > /dev/null\nif [ $? != 0 ] ; then\n    # print error to STDERR\n    echo \"error: The sandbox is not in sync with the Podfile.lock. Run 'pod install' or update your CocoaPods installation.\" >&2\n    exit 1\nfi\n# This output is used by Xcode 'outputs' to avoid re-running this script phase.\necho \"SUCCESS\" > \"${SCRIPT_OUTPUT_FILE_0}\"\n";
			showEnvVarsInLog = 0;
		};
/* End PBXShellScriptBuildPhase section */

/* Begin PBXSourcesBuildPhase section */
		24963B99247BEE3900138002 /* Sources */ = {
			isa = PBXSourcesBuildPhase;
			buildActionMask = 2147483647;
			files = (
				2434AC342486A2F300CE6D0A /* LoginVC.swift in Sources */,
				2475CF93247E624F0007408B /* TodayVocaTb.swift in Sources */,
				24963BE5247DFF8000138002 /* TodayVocaTbCell.swift in Sources */,
				24963BDF247DF43500138002 /* TodayVocaVC.swift in Sources */,
				2434AC362486A4FF00CE6D0A /* LoginAPI.swift in Sources */,
				24963BA5247BEE3A00138002 /* ViewController.swift in Sources */,
				24963BA1247BEE3A00138002 /* AppDelegate.swift in Sources */,
				24963BA3247BEE3A00138002 /* SceneDelegate.swift in Sources */,
				24963BAB247BEE3A00138002 /* HelpENG.xcdatamodeld in Sources */,
				24963BE9247E0E9D00138002 /* Layer.swift in Sources */,
				24963BE3247DFB4800138002 /* TodayVocaTbData.swift in Sources */,
				24963BE1247DFB0800138002 /* TodayVocaAPI.swift in Sources */,
			);
			runOnlyForDeploymentPostprocessing = 0;
		};
		24963BB2247BEE3B00138002 /* Sources */ = {
			isa = PBXSourcesBuildPhase;
			buildActionMask = 2147483647;
			files = (
				24963BBB247BEE3B00138002 /* HelpENGTests.swift in Sources */,
			);
			runOnlyForDeploymentPostprocessing = 0;
		};
		24963BBD247BEE3B00138002 /* Sources */ = {
			isa = PBXSourcesBuildPhase;
			buildActionMask = 2147483647;
			files = (
				24963BC6247BEE3B00138002 /* HelpENGUITests.swift in Sources */,
			);
			runOnlyForDeploymentPostprocessing = 0;
		};
/* End PBXSourcesBuildPhase section */

/* Begin PBXTargetDependency section */
		24963BB8247BEE3B00138002 /* PBXTargetDependency */ = {
			isa = PBXTargetDependency;
			target = 24963B9C247BEE3900138002 /* HelpENG */;
			targetProxy = 24963BB7247BEE3B00138002 /* PBXContainerItemProxy */;
		};
		24963BC3247BEE3B00138002 /* PBXTargetDependency */ = {
			isa = PBXTargetDependency;
			target = 24963B9C247BEE3900138002 /* HelpENG */;
			targetProxy = 24963BC2247BEE3B00138002 /* PBXContainerItemProxy */;
		};
/* End PBXTargetDependency section */

/* Begin PBXVariantGroup section */
		24963BA6247BEE3A00138002 /* Main.storyboard */ = {
			isa = PBXVariantGroup;
			children = (
				24963BA7247BEE3A00138002 /* Base */,
			);
			name = Main.storyboard;
			sourceTree = "<group>";
		};
		24963BAE247BEE3B00138002 /* LaunchScreen.storyboard */ = {
			isa = PBXVariantGroup;
			children = (
				24963BAF247BEE3B00138002 /* Base */,
			);
			name = LaunchScreen.storyboard;
			sourceTree = "<group>";
		};
/* End PBXVariantGroup section */

/* Begin XCBuildConfiguration section */
		24963BC8247BEE3B00138002 /* Debug */ = {
			isa = XCBuildConfiguration;
			buildSettings = {
				ALWAYS_SEARCH_USER_PATHS = NO;
				CLANG_ANALYZER_NONNULL = YES;
				CLANG_ANALYZER_NUMBER_OBJECT_CONVERSION = YES_AGGRESSIVE;
				CLANG_CXX_LANGUAGE_STANDARD = "gnu++14";
				CLANG_CXX_LIBRARY = "libc++";
				CLANG_ENABLE_MODULES = YES;
				CLANG_ENABLE_OBJC_ARC = YES;
				CLANG_ENABLE_OBJC_WEAK = YES;
				CLANG_WARN_BLOCK_CAPTURE_AUTORELEASING = YES;
				CLANG_WARN_BOOL_CONVERSION = YES;
				CLANG_WARN_COMMA = YES;
				CLANG_WARN_CONSTANT_CONVERSION = YES;
				CLANG_WARN_DEPRECATED_OBJC_IMPLEMENTATIONS = YES;
				CLANG_WARN_DIRECT_OBJC_ISA_USAGE = YES_ERROR;
				CLANG_WARN_DOCUMENTATION_COMMENTS = YES;
				CLANG_WARN_EMPTY_BODY = YES;
				CLANG_WARN_ENUM_CONVERSION = YES;
				CLANG_WARN_INFINITE_RECURSION = YES;
				CLANG_WARN_INT_CONVERSION = YES;
				CLANG_WARN_NON_LITERAL_NULL_CONVERSION = YES;
				CLANG_WARN_OBJC_IMPLICIT_RETAIN_SELF = YES;
				CLANG_WARN_OBJC_LITERAL_CONVERSION = YES;
				CLANG_WARN_OBJC_ROOT_CLASS = YES_ERROR;
				CLANG_WARN_RANGE_LOOP_ANALYSIS = YES;
				CLANG_WARN_STRICT_PROTOTYPES = YES;
				CLANG_WARN_SUSPICIOUS_MOVE = YES;
				CLANG_WARN_UNGUARDED_AVAILABILITY = YES_AGGRESSIVE;
				CLANG_WARN_UNREACHABLE_CODE = YES;
				CLANG_WARN__DUPLICATE_METHOD_MATCH = YES;
				COPY_PHASE_STRIP = NO;
				DEBUG_INFORMATION_FORMAT = dwarf;
				ENABLE_STRICT_OBJC_MSGSEND = YES;
				ENABLE_TESTABILITY = YES;
				GCC_C_LANGUAGE_STANDARD = gnu11;
				GCC_DYNAMIC_NO_PIC = NO;
				GCC_NO_COMMON_BLOCKS = YES;
				GCC_OPTIMIZATION_LEVEL = 0;
				GCC_PREPROCESSOR_DEFINITIONS = (
					"DEBUG=1",
					"$(inherited)",
				);
				GCC_WARN_64_TO_32_BIT_CONVERSION = YES;
				GCC_WARN_ABOUT_RETURN_TYPE = YES_ERROR;
				GCC_WARN_UNDECLARED_SELECTOR = YES;
				GCC_WARN_UNINITIALIZED_AUTOS = YES_AGGRESSIVE;
				GCC_WARN_UNUSED_FUNCTION = YES;
				GCC_WARN_UNUSED_VARIABLE = YES;
				IPHONEOS_DEPLOYMENT_TARGET = 13.5;
				MTL_ENABLE_DEBUG_INFO = INCLUDE_SOURCE;
				MTL_FAST_MATH = YES;
				ONLY_ACTIVE_ARCH = YES;
				SDKROOT = iphoneos;
				SWIFT_ACTIVE_COMPILATION_CONDITIONS = DEBUG;
				SWIFT_OPTIMIZATION_LEVEL = "-Onone";
			};
			name = Debug;
		};
		24963BC9247BEE3B00138002 /* Release */ = {
			isa = XCBuildConfiguration;
			buildSettings = {
				ALWAYS_SEARCH_USER_PATHS = NO;
				CLANG_ANALYZER_NONNULL = YES;
				CLANG_ANALYZER_NUMBER_OBJECT_CONVERSION = YES_AGGRESSIVE;
				CLANG_CXX_LANGUAGE_STANDARD = "gnu++14";
				CLANG_CXX_LIBRARY = "libc++";
				CLANG_ENABLE_MODULES = YES;
				CLANG_ENABLE_OBJC_ARC = YES;
				CLANG_ENABLE_OBJC_WEAK = YES;
				CLANG_WARN_BLOCK_CAPTURE_AUTORELEASING = YES;
				CLANG_WARN_BOOL_CONVERSION = YES;
				CLANG_WARN_COMMA = YES;
				CLANG_WARN_CONSTANT_CONVERSION = YES;
				CLANG_WARN_DEPRECATED_OBJC_IMPLEMENTATIONS = YES;
				CLANG_WARN_DIRECT_OBJC_ISA_USAGE = YES_ERROR;
				CLANG_WARN_DOCUMENTATION_COMMENTS = YES;
				CLANG_WARN_EMPTY_BODY = YES;
				CLANG_WARN_ENUM_CONVERSION = YES;
				CLANG_WARN_INFINITE_RECURSION = YES;
				CLANG_WARN_INT_CONVERSION = YES;
				CLANG_WARN_NON_LITERAL_NULL_CONVERSION = YES;
				CLANG_WARN_OBJC_IMPLICIT_RETAIN_SELF = YES;
				CLANG_WARN_OBJC_LITERAL_CONVERSION = YES;
				CLANG_WARN_OBJC_ROOT_CLASS = YES_ERROR;
				CLANG_WARN_RANGE_LOOP_ANALYSIS = YES;
				CLANG_WARN_STRICT_PROTOTYPES = YES;
				CLANG_WARN_SUSPICIOUS_MOVE = YES;
				CLANG_WARN_UNGUARDED_AVAILABILITY = YES_AGGRESSIVE;
				CLANG_WARN_UNREACHABLE_CODE = YES;
				CLANG_WARN__DUPLICATE_METHOD_MATCH = YES;
				COPY_PHASE_STRIP = NO;
				DEBUG_INFORMATION_FORMAT = "dwarf-with-dsym";
				ENABLE_NS_ASSERTIONS = NO;
				ENABLE_STRICT_OBJC_MSGSEND = YES;
				GCC_C_LANGUAGE_STANDARD = gnu11;
				GCC_NO_COMMON_BLOCKS = YES;
				GCC_WARN_64_TO_32_BIT_CONVERSION = YES;
				GCC_WARN_ABOUT_RETURN_TYPE = YES_ERROR;
				GCC_WARN_UNDECLARED_SELECTOR = YES;
				GCC_WARN_UNINITIALIZED_AUTOS = YES_AGGRESSIVE;
				GCC_WARN_UNUSED_FUNCTION = YES;
				GCC_WARN_UNUSED_VARIABLE = YES;
				IPHONEOS_DEPLOYMENT_TARGET = 13.5;
				MTL_ENABLE_DEBUG_INFO = NO;
				MTL_FAST_MATH = YES;
				SDKROOT = iphoneos;
				SWIFT_COMPILATION_MODE = wholemodule;
				SWIFT_OPTIMIZATION_LEVEL = "-O";
				VALIDATE_PRODUCT = YES;
			};
			name = Release;
		};
		24963BCB247BEE3B00138002 /* Debug */ = {
			isa = XCBuildConfiguration;
			baseConfigurationReference = A9FF391ABC57829A6798E66C /* Pods-HelpENG.debug.xcconfig */;
			buildSettings = {
				ASSETCATALOG_COMPILER_APPICON_NAME = AppIcon;
				CODE_SIGN_STYLE = Automatic;
				DEVELOPMENT_TEAM = 8N9RYLCT44;
				INFOPLIST_FILE = HelpENG/Info.plist;
				LD_RUNPATH_SEARCH_PATHS = (
					"$(inherited)",
					"@executable_path/Frameworks",
				);
				PRODUCT_BUNDLE_IDENTIFIER = com.wani.HelpENG;
				PRODUCT_NAME = "$(TARGET_NAME)";
				SWIFT_VERSION = 5.0;
				TARGETED_DEVICE_FAMILY = "1,2";
			};
			name = Debug;
		};
		24963BCC247BEE3B00138002 /* Release */ = {
			isa = XCBuildConfiguration;
			baseConfigurationReference = 94A864BA59AE189187CDFC4C /* Pods-HelpENG.release.xcconfig */;
			buildSettings = {
				ASSETCATALOG_COMPILER_APPICON_NAME = AppIcon;
				CODE_SIGN_STYLE = Automatic;
				DEVELOPMENT_TEAM = 8N9RYLCT44;
				INFOPLIST_FILE = HelpENG/Info.plist;
				LD_RUNPATH_SEARCH_PATHS = (
					"$(inherited)",
					"@executable_path/Frameworks",
				);
				PRODUCT_BUNDLE_IDENTIFIER = com.wani.HelpENG;
				PRODUCT_NAME = "$(TARGET_NAME)";
				SWIFT_VERSION = 5.0;
				TARGETED_DEVICE_FAMILY = "1,2";
			};
			name = Release;
		};
		24963BCE247BEE3B00138002 /* Debug */ = {
			isa = XCBuildConfiguration;
			baseConfigurationReference = 0C347CD65ED83AC85229EC43 /* Pods-HelpENGTests.debug.xcconfig */;
			buildSettings = {
				ALWAYS_EMBED_SWIFT_STANDARD_LIBRARIES = YES;
				BUNDLE_LOADER = "$(TEST_HOST)";
				CODE_SIGN_STYLE = Automatic;
				DEVELOPMENT_TEAM = 8N9RYLCT44;
				INFOPLIST_FILE = HelpENGTests/Info.plist;
				IPHONEOS_DEPLOYMENT_TARGET = 13.5;
				LD_RUNPATH_SEARCH_PATHS = (
					"$(inherited)",
					"@executable_path/Frameworks",
					"@loader_path/Frameworks",
				);
				PRODUCT_BUNDLE_IDENTIFIER = com.wani.HelpENGTests;
				PRODUCT_NAME = "$(TARGET_NAME)";
				SWIFT_VERSION = 5.0;
				TARGETED_DEVICE_FAMILY = "1,2";
				TEST_HOST = "$(BUILT_PRODUCTS_DIR)/HelpENG.app/HelpENG";
			};
			name = Debug;
		};
		24963BCF247BEE3B00138002 /* Release */ = {
			isa = XCBuildConfiguration;
			baseConfigurationReference = 28D442B6B869A1EB41364A78 /* Pods-HelpENGTests.release.xcconfig */;
			buildSettings = {
				ALWAYS_EMBED_SWIFT_STANDARD_LIBRARIES = YES;
				BUNDLE_LOADER = "$(TEST_HOST)";
				CODE_SIGN_STYLE = Automatic;
				DEVELOPMENT_TEAM = 8N9RYLCT44;
				INFOPLIST_FILE = HelpENGTests/Info.plist;
				IPHONEOS_DEPLOYMENT_TARGET = 13.5;
				LD_RUNPATH_SEARCH_PATHS = (
					"$(inherited)",
					"@executable_path/Frameworks",
					"@loader_path/Frameworks",
				);
				PRODUCT_BUNDLE_IDENTIFIER = com.wani.HelpENGTests;
				PRODUCT_NAME = "$(TARGET_NAME)";
				SWIFT_VERSION = 5.0;
				TARGETED_DEVICE_FAMILY = "1,2";
				TEST_HOST = "$(BUILT_PRODUCTS_DIR)/HelpENG.app/HelpENG";
			};
			name = Release;
		};
		24963BD1247BEE3B00138002 /* Debug */ = {
			isa = XCBuildConfiguration;
			baseConfigurationReference = 6F883AE3E59CE194F4DED526 /* Pods-HelpENG-HelpENGUITests.debug.xcconfig */;
			buildSettings = {
				ALWAYS_EMBED_SWIFT_STANDARD_LIBRARIES = YES;
				CODE_SIGN_STYLE = Automatic;
				DEVELOPMENT_TEAM = 8N9RYLCT44;
				INFOPLIST_FILE = HelpENGUITests/Info.plist;
				LD_RUNPATH_SEARCH_PATHS = (
					"$(inherited)",
					"@executable_path/Frameworks",
					"@loader_path/Frameworks",
				);
				PRODUCT_BUNDLE_IDENTIFIER = com.wani.HelpENGUITests;
				PRODUCT_NAME = "$(TARGET_NAME)";
				SWIFT_VERSION = 5.0;
				TARGETED_DEVICE_FAMILY = "1,2";
				TEST_TARGET_NAME = HelpENG;
			};
			name = Debug;
		};
		24963BD2247BEE3B00138002 /* Release */ = {
			isa = XCBuildConfiguration;
			baseConfigurationReference = 6CE2FDB2D520C5225002D2CF /* Pods-HelpENG-HelpENGUITests.release.xcconfig */;
			buildSettings = {
				ALWAYS_EMBED_SWIFT_STANDARD_LIBRARIES = YES;
				CODE_SIGN_STYLE = Automatic;
				DEVELOPMENT_TEAM = 8N9RYLCT44;
				INFOPLIST_FILE = HelpENGUITests/Info.plist;
				LD_RUNPATH_SEARCH_PATHS = (
					"$(inherited)",
					"@executable_path/Frameworks",
					"@loader_path/Frameworks",
				);
				PRODUCT_BUNDLE_IDENTIFIER = com.wani.HelpENGUITests;
				PRODUCT_NAME = "$(TARGET_NAME)";
				SWIFT_VERSION = 5.0;
				TARGETED_DEVICE_FAMILY = "1,2";
				TEST_TARGET_NAME = HelpENG;
			};
			name = Release;
		};
/* End XCBuildConfiguration section */

/* Begin XCConfigurationList section */
		24963B98247BEE3900138002 /* Build configuration list for PBXProject "HelpENG" */ = {
			isa = XCConfigurationList;
			buildConfigurations = (
				24963BC8247BEE3B00138002 /* Debug */,
				24963BC9247BEE3B00138002 /* Release */,
			);
			defaultConfigurationIsVisible = 0;
			defaultConfigurationName = Release;
		};
		24963BCA247BEE3B00138002 /* Build configuration list for PBXNativeTarget "HelpENG" */ = {
			isa = XCConfigurationList;
			buildConfigurations = (
				24963BCB247BEE3B00138002 /* Debug */,
				24963BCC247BEE3B00138002 /* Release */,
			);
			defaultConfigurationIsVisible = 0;
			defaultConfigurationName = Release;
		};
		24963BCD247BEE3B00138002 /* Build configuration list for PBXNativeTarget "HelpENGTests" */ = {
			isa = XCConfigurationList;
			buildConfigurations = (
				24963BCE247BEE3B00138002 /* Debug */,
				24963BCF247BEE3B00138002 /* Release */,
			);
			defaultConfigurationIsVisible = 0;
			defaultConfigurationName = Release;
		};
		24963BD0247BEE3B00138002 /* Build configuration list for PBXNativeTarget "HelpENGUITests" */ = {
			isa = XCConfigurationList;
			buildConfigurations = (
				24963BD1247BEE3B00138002 /* Debug */,
				24963BD2247BEE3B00138002 /* Release */,
			);
			defaultConfigurationIsVisible = 0;
			defaultConfigurationName = Release;
		};
/* End XCConfigurationList section */

/* Begin XCVersionGroup section */
		24963BA9247BEE3A00138002 /* HelpENG.xcdatamodeld */ = {
			isa = XCVersionGroup;
			children = (
				24963BAA247BEE3A00138002 /* HelpENG.xcdatamodel */,
			);
			currentVersion = 24963BAA247BEE3A00138002 /* HelpENG.xcdatamodel */;
			path = HelpENG.xcdatamodeld;
			sourceTree = "<group>";
			versionGroupType = wrapper.xcdatamodel;
		};
/* End XCVersionGroup section */
	};
	rootObject = 24963B95247BEE3900138002 /* Project object */;
}
